
Microsoft Visual Studio Solution File, Format Version 12.00
# Visual Studio 15
VisualStudioVersion = 15.0.27004.2002
MinimumVisualStudioVersion = 10.0.40219.1
Project("{FAE04EC0-301F-11D3-BF4B-00C04F79EFBC}") = "Laerning_bridge", "Laerning_bridge\Laerning_bridge.csproj", "{D89B62EB-5B6D-4223-A607-04B5ED722858}"
EndProject
Global
	GlobalSection(SolutionConfigurationPlatforms) = preSolution
		Debug|Any CPU = Debug|Any CPU
		Release|Any CPU = Release|Any CPU
	EndGlobalSection
	GlobalSection(ProjectConfigurationPlatforms) = postSolution
		{D89B62EB-5B6D-4223-A607-04B5ED722858}.Debug|Any CPU.ActiveCfg = Debug|Any CPU
		{D89B62EB-5B6D-4223-A607-04B5ED722858}.Debug|Any CPU.Build.0 = Debug|Any CPU
		{D89B62EB-5B6D-4223-A607-04B5ED722858}.Release|Any CPU.ActiveCfg = Release|Any CPU
		{D89B62EB-5B6D-4223-A607-04B5ED722858}.Release|Any CPU.Build.0 = Release|Any CPU
	EndGlobalSection
	GlobalSection(SolutionProperties) = preSolution
		HideSolutionNode = FALSE
	EndGlobalSection
	GlobalSection(ExtensibilityGlobals) = postSolution
		SolutionGuid = {4F1AC78C-A207-496D-889C-40BABD84BE7B}
	EndGlobalSection
EndGlobal
